// !$*UTF8*$!
{
	archiveVersion = 1;
	classes = {
	};
	objectVersion = 46;
	objects = {

/* Begin PBXBuildFile section */
		DB04BC511A32020F00864EA5 /* MainMenu.swift in Sources */ = {isa = PBXBuildFile; fileRef = DB04BC501A32020F00864EA5 /* MainMenu.swift */; };
		DB04BC561A3217D900864EA5 /* KextReloaderIcon32_v2.png in Resources */ = {isa = PBXBuildFile; fileRef = DB04BC551A3217D900864EA5 /* KextReloaderIcon32_v2.png */; };
		DB04BC591A32423900864EA5 /* KextManager.swift in Sources */ = {isa = PBXBuildFile; fileRef = DB04BC581A32423900864EA5 /* KextManager.swift */; };
		DB04BC5B1A32453200864EA5 /* KextSelect.xib in Resources */ = {isa = PBXBuildFile; fileRef = DB04BC5A1A32453200864EA5 /* KextSelect.xib */; };
		DB04BC601A3245F600864EA5 /* KextSelect.swift in Sources */ = {isa = PBXBuildFile; fileRef = DB04BC5F1A3245F600864EA5 /* KextSelect.swift */; };
		DB357B931AC49E6E00F5CBE1 /* KextData.plist in Resources */ = {isa = PBXBuildFile; fileRef = DB357B921AC49E6E00F5CBE1 /* KextData.plist */; };
		DB357B971AC49F1F00F5CBE1 /* MainMenu.xib in Resources */ = {isa = PBXBuildFile; fileRef = DB8D961E1A31F2F500FE170E /* MainMenu.xib */; };
		DB357B991AC4A42300F5CBE1 /* Preferences.xib in Resources */ = {isa = PBXBuildFile; fileRef = DB357B981AC4A42300F5CBE1 /* Preferences.xib */; };
		DB357B9B1AC4A47000F5CBE1 /* Preferences.swift in Sources */ = {isa = PBXBuildFile; fileRef = DB357B9A1AC4A47000F5CBE1 /* Preferences.swift */; };
		DB8D961B1A31F2F500FE170E /* AppDelegate.swift in Sources */ = {isa = PBXBuildFile; fileRef = DB8D961A1A31F2F500FE170E /* AppDelegate.swift */; };
		DB8D961D1A31F2F500FE170E /* Images.xcassets in Resources */ = {isa = PBXBuildFile; fileRef = DB8D961C1A31F2F500FE170E /* Images.xcassets */; };
		DB8D962C1A31F2F600FE170E /* KextReloaderTests.swift in Sources */ = {isa = PBXBuildFile; fileRef = DB8D962B1A31F2F600FE170E /* KextReloaderTests.swift */; };
/* End PBXBuildFile section */

/* Begin PBXContainerItemProxy section */
		DB8D96261A31F2F600FE170E /* PBXContainerItemProxy */ = {
			isa = PBXContainerItemProxy;
			containerPortal = DB8D960D1A31F2F500FE170E /* Project object */;
			proxyType = 1;
			remoteGlobalIDString = DB8D96141A31F2F500FE170E;
			remoteInfo = KextReloader;
		};
/* End PBXContainerItemProxy section */

/* Begin PBXFileReference section */
		DB04BC501A32020F00864EA5 /* MainMenu.swift */ = {isa = PBXFileReference; fileEncoding = 4; lastKnownFileType = sourcecode.swift; path = MainMenu.swift; sourceTree = "<group>"; xcLanguageSpecificationIdentifier = xcode.lang.swift; };
		DB04BC551A3217D900864EA5 /* KextReloaderIcon32_v2.png */ = {isa = PBXFileReference; lastKnownFileType = image.png; path = KextReloaderIcon32_v2.png; sourceTree = "<group>"; };
		DB04BC581A32423900864EA5 /* KextManager.swift */ = {isa = PBXFileReference; fileEncoding = 4; lastKnownFileType = sourcecode.swift; path = KextManager.swift; sourceTree = "<group>"; };
		DB04BC5A1A32453200864EA5 /* KextSelect.xib */ = {isa = PBXFileReference; fileEncoding = 4; lastKnownFileType = file.xib; path = KextSelect.xib; sourceTree = "<group>"; };
		DB04BC5F1A3245F600864EA5 /* KextSelect.swift */ = {isa = PBXFileReference; fileEncoding = 4; lastKnownFileType = sourcecode.swift; path = KextSelect.swift; sourceTree = "<group>"; };
		DB357B921AC49E6E00F5CBE1 /* KextData.plist */ = {isa = PBXFileReference; fileEncoding = 4; lastKnownFileType = text.plist.xml; path = KextData.plist; sourceTree = "<group>"; };
		DB357B981AC4A42300F5CBE1 /* Preferences.xib */ = {isa = PBXFileReference; fileEncoding = 4; lastKnownFileType = file.xib; path = Preferences.xib; sourceTree = "<group>"; };
		DB357B9A1AC4A47000F5CBE1 /* Preferences.swift */ = {isa = PBXFileReference; fileEncoding = 4; lastKnownFileType = sourcecode.swift; path = Preferences.swift; sourceTree = "<group>"; };
		DB8D96151A31F2F500FE170E /* KextReloader.app */ = {isa = PBXFileReference; explicitFileType = wrapper.application; includeInIndex = 0; path = KextReloader.app; sourceTree = BUILT_PRODUCTS_DIR; };
		DB8D96191A31F2F500FE170E /* Info.plist */ = {isa = PBXFileReference; lastKnownFileType = text.plist.xml; path = Info.plist; sourceTree = "<group>"; };
		DB8D961A1A31F2F500FE170E /* AppDelegate.swift */ = {isa = PBXFileReference; lastKnownFileType = sourcecode.swift; path = AppDelegate.swift; sourceTree = "<group>"; };
		DB8D961C1A31F2F500FE170E /* Images.xcassets */ = {isa = PBXFileReference; lastKnownFileType = folder.assetcatalog; path = Images.xcassets; sourceTree = "<group>"; };
		DB8D961F1A31F2F500FE170E /* Base */ = {isa = PBXFileReference; lastKnownFileType = file.xib; name = Base; path = Base.lproj/MainMenu.xib; sourceTree = "<group>"; };
		DB8D96251A31F2F600FE170E /* KextReloaderTests.xctest */ = {isa = PBXFileReference; explicitFileType = wrapper.cfbundle; includeInIndex = 0; path = KextReloaderTests.xctest; sourceTree = BUILT_PRODUCTS_DIR; };
		DB8D962A1A31F2F600FE170E /* Info.plist */ = {isa = PBXFileReference; lastKnownFileType = text.plist.xml; path = Info.plist; sourceTree = "<group>"; };
		DB8D962B1A31F2F600FE170E /* KextReloaderTests.swift */ = {isa = PBXFileReference; lastKnownFileType = sourcecode.swift; path = KextReloaderTests.swift; sourceTree = "<group>"; };
/* End PBXFileReference section */

/* Begin PBXFrameworksBuildPhase section */
		DB8D96121A31F2F500FE170E /* Frameworks */ = {
			isa = PBXFrameworksBuildPhase;
			buildActionMask = 2147483647;
			files = (
			);
			runOnlyForDeploymentPostprocessing = 0;
		};
		DB8D96221A31F2F600FE170E /* Frameworks */ = {
			isa = PBXFrameworksBuildPhase;
			buildActionMask = 2147483647;
			files = (
			);
			runOnlyForDeploymentPostprocessing = 0;
		};
/* End PBXFrameworksBuildPhase section */

/* Begin PBXGroup section */
		DB04BC4C1A31F51400864EA5 /* UI */ = {
			isa = PBXGroup;
			children = (
				DB04BC5A1A32453200864EA5 /* KextSelect.xib */,
				DB8D961E1A31F2F500FE170E /* MainMenu.xib */,
				DB357B981AC4A42300F5CBE1 /* Preferences.xib */,
			);
			name = UI;
			sourceTree = "<group>";
		};
		DB04BC4D1A31F92700864EA5 /* Controllers */ = {
			isa = PBXGroup;
			children = (
				DB04BC501A32020F00864EA5 /* MainMenu.swift */,
				DB04BC5F1A3245F600864EA5 /* KextSelect.swift */,
				DB357B9A1AC4A47000F5CBE1 /* Preferences.swift */,
			);
			name = Controllers;
			sourceTree = "<group>";
		};
		DB04BC541A3217B500864EA5 /* Images */ = {
			isa = PBXGroup;
			children = (
				DB04BC551A3217D900864EA5 /* KextReloaderIcon32_v2.png */,
			);
			name = Images;
			sourceTree = "<group>";
		};
		DB04BC571A32421A00864EA5 /* Data */ = {
			isa = PBXGroup;
			children = (
				DB04BC581A32423900864EA5 /* KextManager.swift */,
			);
			name = Data;
			sourceTree = "<group>";
		};
		DB8D960C1A31F2F500FE170E = {
			isa = PBXGroup;
			children = (
				DB8D96171A31F2F500FE170E /* KextReloader */,
				DB8D96281A31F2F600FE170E /* KextReloaderTests */,
				DB8D96161A31F2F500FE170E /* Products */,
			);
			sourceTree = "<group>";
		};
		DB8D96161A31F2F500FE170E /* Products */ = {
			isa = PBXGroup;
			children = (
				DB8D96151A31F2F500FE170E /* KextReloader.app */,
				DB8D96251A31F2F600FE170E /* KextReloaderTests.xctest */,
			);
			name = Products;
			sourceTree = "<group>";
		};
		DB8D96171A31F2F500FE170E /* KextReloader */ = {
			isa = PBXGroup;
			children = (
				DB04BC571A32421A00864EA5 /* Data */,
				DB04BC541A3217B500864EA5 /* Images */,
				DB04BC4D1A31F92700864EA5 /* Controllers */,
				DB04BC4C1A31F51400864EA5 /* UI */,
				DB8D961A1A31F2F500FE170E /* AppDelegate.swift */,
				DB8D961C1A31F2F500FE170E /* Images.xcassets */,
				DB8D96181A31F2F500FE170E /* Supporting Files */,
			);
			path = KextReloader;
			sourceTree = "<group>";
		};
		DB8D96181A31F2F500FE170E /* Supporting Files */ = {
			isa = PBXGroup;
			children = (
				DB8D96191A31F2F500FE170E /* Info.plist */,
				DB357B921AC49E6E00F5CBE1 /* KextData.plist */,
			);
			name = "Supporting Files";
			sourceTree = "<group>";
		};
		DB8D96281A31F2F600FE170E /* KextReloaderTests */ = {
			isa = PBXGroup;
			children = (
				DB8D962B1A31F2F600FE170E /* KextReloaderTests.swift */,
				DB8D96291A31F2F600FE170E /* Supporting Files */,
			);
			path = KextReloaderTests;
			sourceTree = "<group>";
		};
		DB8D96291A31F2F600FE170E /* Supporting Files */ = {
			isa = PBXGroup;
			children = (
				DB8D962A1A31F2F600FE170E /* Info.plist */,
			);
			name = "Supporting Files";
			sourceTree = "<group>";
		};
/* End PBXGroup section */

/* Begin PBXNativeTarget section */
		DB8D96141A31F2F500FE170E /* KextReloader */ = {
			isa = PBXNativeTarget;
			buildConfigurationList = DB8D962F1A31F2F600FE170E /* Build configuration list for PBXNativeTarget "KextReloader" */;
			buildPhases = (
				DB8D96111A31F2F500FE170E /* Sources */,
				DB8D96121A31F2F500FE170E /* Frameworks */,
				DB8D96131A31F2F500FE170E /* Resources */,
			);
			buildRules = (
			);
			dependencies = (
			);
			name = KextReloader;
			productName = KextReloader;
			productReference = DB8D96151A31F2F500FE170E /* KextReloader.app */;
			productType = "com.apple.product-type.application";
		};
		DB8D96241A31F2F600FE170E /* KextReloaderTests */ = {
			isa = PBXNativeTarget;
			buildConfigurationList = DB8D96321A31F2F600FE170E /* Build configuration list for PBXNativeTarget "KextReloaderTests" */;
			buildPhases = (
				DB8D96211A31F2F600FE170E /* Sources */,
				DB8D96221A31F2F600FE170E /* Frameworks */,
				DB8D96231A31F2F600FE170E /* Resources */,
			);
			buildRules = (
			);
			dependencies = (
				DB8D96271A31F2F600FE170E /* PBXTargetDependency */,
			);
			name = KextReloaderTests;
			productName = KextReloaderTests;
			productReference = DB8D96251A31F2F600FE170E /* KextReloaderTests.xctest */;
			productType = "com.apple.product-type.bundle.unit-test";
		};
/* End PBXNativeTarget section */

/* Begin PBXProject section */
		DB8D960D1A31F2F500FE170E /* Project object */ = {
			isa = PBXProject;
			attributes = {
				LastUpgradeCheck = 0620;
				ORGANIZATIONNAME = "Solaic Software";
				TargetAttributes = {
					DB8D96141A31F2F500FE170E = {
						CreatedOnToolsVersion = 6.1.1;
					};
					DB8D96241A31F2F600FE170E = {
						CreatedOnToolsVersion = 6.1.1;
						TestTargetID = DB8D96141A31F2F500FE170E;
					};
				};
			};
			buildConfigurationList = DB8D96101A31F2F500FE170E /* Build configuration list for PBXProject "KextReloader" */;
			compatibilityVersion = "Xcode 3.2";
			developmentRegion = English;
			hasScannedForEncodings = 0;
			knownRegions = (
				en,
				Base,
			);
			mainGroup = DB8D960C1A31F2F500FE170E;
			productRefGroup = DB8D96161A31F2F500FE170E /* Products */;
			projectDirPath = "";
			projectRoot = "";
			targets = (
				DB8D96141A31F2F500FE170E /* KextReloader */,
				DB8D96241A31F2F600FE170E /* KextReloaderTests */,
			);
		};
/* End PBXProject section */

/* Begin PBXResourcesBuildPhase section */
		DB8D96131A31F2F500FE170E /* Resources */ = {
			isa = PBXResourcesBuildPhase;
			buildActionMask = 2147483647;
			files = (
				DB357B991AC4A42300F5CBE1 /* Preferences.xib in Resources */,
				DB357B971AC49F1F00F5CBE1 /* MainMenu.xib in Resources */,
				DB04BC5B1A32453200864EA5 /* KextSelect.xib in Resources */,
				DB8D961D1A31F2F500FE170E /* Images.xcassets in Resources */,
				DB04BC561A3217D900864EA5 /* KextReloaderIcon32_v2.png in Resources */,
				DB357B931AC49E6E00F5CBE1 /* KextData.plist in Resources */,
			);
			runOnlyForDeploymentPostprocessing = 0;
		};
		DB8D96231A31F2F600FE170E /* Resources */ = {
			isa = PBXResourcesBuildPhase;
			buildActionMask = 2147483647;
			files = (
			);
			runOnlyForDeploymentPostprocessing = 0;
		};
/* End PBXResourcesBuildPhase section */

/* Begin PBXSourcesBuildPhase section */
		DB8D96111A31F2F500FE170E /* Sources */ = {
			isa = PBXSourcesBuildPhase;
			buildActionMask = 2147483647;
			files = (
				DB8D961B1A31F2F500FE170E /* AppDelegate.swift in Sources */,
				DB04BC591A32423900864EA5 /* KextManager.swift in Sources */,
				DB357B9B1AC4A47000F5CBE1 /* Preferences.swift in Sources */,
				DB04BC511A32020F00864EA5 /* MainMenu.swift in Sources */,
				DB04BC601A3245F600864EA5 /* KextSelect.swift in Sources */,
			);
			runOnlyForDeploymentPostprocessing = 0;
		};
		DB8D96211A31F2F600FE170E /* Sources */ = {
			isa = PBXSourcesBuildPhase;
			buildActionMask = 2147483647;
			files = (
				DB8D962C1A31F2F600FE170E /* KextReloaderTests.swift in Sources */,
			);
			runOnlyForDeploymentPostprocessing = 0;
		};
/* End PBXSourcesBuildPhase section */

/* Begin PBXTargetDependency section */
		DB8D96271A31F2F600FE170E /* PBXTargetDependency */ = {
			isa = PBXTargetDependency;
			target = DB8D96141A31F2F500FE170E /* KextReloader */;
			targetProxy = DB8D96261A31F2F600FE170E /* PBXContainerItemProxy */;
		};
/* End PBXTargetDependency section */

/* Begin PBXVariantGroup section */
		DB8D961E1A31F2F500FE170E /* MainMenu.xib */ = {
			isa = PBXVariantGroup;
			children = (
				DB8D961F1A31F2F500FE170E /* Base */,
			);
			name = MainMenu.xib;
			sourceTree = "<group>";
		};
/* End PBXVariantGroup section */

/* Begin XCBuildConfiguration section */
		DB8D962D1A31F2F600FE170E /* Debug */ = {
			isa = XCBuildConfiguration;
			buildSettings = {
				ALWAYS_SEARCH_USER_PATHS = NO;
				CLANG_CXX_LANGUAGE_STANDARD = "gnu++0x";
				CLANG_CXX_LIBRARY = "libc++";
				CLANG_ENABLE_MODULES = YES;
				CLANG_ENABLE_OBJC_ARC = YES;
				CLANG_WARN_BOOL_CONVERSION = YES;
				CLANG_WARN_CONSTANT_CONVERSION = YES;
				CLANG_WARN_DIRECT_OBJC_ISA_USAGE = YES_ERROR;
				CLANG_WARN_EMPTY_BODY = YES;
				CLANG_WARN_ENUM_CONVERSION = YES;
				CLANG_WARN_INT_CONVERSION = YES;
				CLANG_WARN_OBJC_ROOT_CLASS = YES_ERROR;
				CLANG_WARN_UNREACHABLE_CODE = YES;
				CLANG_WARN__DUPLICATE_METHOD_MATCH = YES;
				CODE_SIGN_IDENTITY = "-";
				COPY_PHASE_STRIP = NO;
				ENABLE_STRICT_OBJC_MSGSEND = YES;
				GCC_C_LANGUAGE_STANDARD = gnu99;
				GCC_DYNAMIC_NO_PIC = NO;
				GCC_OPTIMIZATION_LEVEL = 0;
				GCC_PREPROCESSOR_DEFINITIONS = (
					"DEBUG=1",
					"$(inherited)",
				);
				GCC_SYMBOLS_PRIVATE_EXTERN = NO;
				GCC_WARN_64_TO_32_BIT_CONVERSION = YES;
				GCC_WARN_ABOUT_RETURN_TYPE = YES_ERROR;
				GCC_WARN_UNDECLARED_SELECTOR = YES;
				GCC_WARN_UNINITIALIZED_AUTOS = YES_AGGRESSIVE;
				GCC_WARN_UNUSED_FUNCTION = YES;
				GCC_WARN_UNUSED_VARIABLE = YES;
				MACOSX_DEPLOYMENT_TARGET = 10.10;
				MTL_ENABLE_DEBUG_INFO = YES;
				ONLY_ACTIVE_ARCH = YES;
				SDKROOT = macosx;
				SWIFT_OPTIMIZATION_LEVEL = "-Onone";
			};
			name = Debug;
		};
		DB8D962E1A31F2F600FE170E /* Release */ = {
			isa = XCBuildConfiguration;
			buildSettings = {
				ALWAYS_SEARCH_USER_PATHS = NO;
				CLANG_CXX_LANGUAGE_STANDARD = "gnu++0x";
				CLANG_CXX_LIBRARY = "libc++";
				CLANG_ENABLE_MODULES = YES;
				CLANG_ENABLE_OBJC_ARC = YES;
				CLANG_WARN_BOOL_CONVERSION = YES;
				CLANG_WARN_CONSTANT_CONVERSION = YES;
				CLANG_WARN_DIRECT_OBJC_ISA_USAGE = YES_ERROR;
				CLANG_WARN_EMPTY_BODY = YES;
				CLANG_WARN_ENUM_CONVERSION = YES;
				CLANG_WARN_INT_CONVERSION = YES;
				CLANG_WARN_OBJC_ROOT_CLASS = YES_ERROR;
				CLANG_WARN_UNREACHABLE_CODE = YES;
				CLANG_WARN__DUPLICATE_METHOD_MATCH = YES;
				CODE_SIGN_IDENTITY = "-";
				COPY_PHASE_STRIP = YES;
				DEBUG_INFORMATION_FORMAT = "dwarf-with-dsym";
				ENABLE_NS_ASSERTIONS = NO;
				ENABLE_STRICT_OBJC_MSGSEND = YES;
				GCC_C_LANGUAGE_STANDARD = gnu99;
				GCC_WARN_64_TO_32_BIT_CONVERSION = YES;
				GCC_WARN_ABOUT_RETURN_TYPE = YES_ERROR;
				GCC_WARN_UNDECLARED_SELECTOR = YES;
				GCC_WARN_UNINITIALIZED_AUTOS = YES_AGGRESSIVE;
				GCC_WARN_UNUSED_FUNCTION = YES;
				GCC_WARN_UNUSED_VARIABLE = YES;
				MACOSX_DEPLOYMENT_TARGET = 10.10;
				MTL_ENABLE_DEBUG_INFO = NO;
				SDKROOT = macosx;
			};
			name = Release;
		};
		DB8D96301A31F2F600FE170E /* Debug */ = {
			isa = XCBuildConfiguration;
			buildSettings = {
				ASSETCATALOG_COMPILER_APPICON_NAME = AppIcon;
				CLANG_X86_VECTOR_INSTRUCTIONS = default;
				COMBINE_HIDPI_IMAGES = YES;
				INFOPLIST_FILE = KextReloader/Info.plist;
				LD_RUNPATH_SEARCH_PATHS = "$(inherited) @executable_path/../Frameworks";
				MACOSX_DEPLOYMENT_TARGET = 10.10;
				PRODUCT_NAME = "$(TARGET_NAME)";
			};
			name = Debug;
		};
		DB8D96311A31F2F600FE170E /* Release */ = {
			isa = XCBuildConfiguration;
			buildSettings = {
				ASSETCATALOG_COMPILER_APPICON_NAME = AppIcon;
				CLANG_X86_VECTOR_INSTRUCTIONS = default;
				COMBINE_HIDPI_IMAGES = YES;
				INFOPLIST_FILE = KextReloader/Info.plist;
				LD_RUNPATH_SEARCH_PATHS = "$(inherited) @executable_path/../Frameworks";
				MACOSX_DEPLOYMENT_TARGET = 10.10;
				PRODUCT_NAME = "$(TARGET_NAME)";
			};
			name = Release;
		};
		DB8D96331A31F2F600FE170E /* Debug */ = {
			isa = XCBuildConfiguration;
			buildSettings = {
				BUNDLE_LOADER = "$(TEST_HOST)";
				COMBINE_HIDPI_IMAGES = YES;
				FRAMEWORK_SEARCH_PATHS = (
					"$(DEVELOPER_FRAMEWORKS_DIR)",
					"$(inherited)",
				);
				GCC_PREPROCESSOR_DEFINITIONS = (
					"DEBUG=1",
					"$(inherited)",
				);
				INFOPLIST_FILE = KextReloaderTests/Info.plist;
				LD_RUNPATH_SEARCH_PATHS = "$(inherited) @executable_path/../Frameworks @loader_path/../Frameworks";
				PRODUCT_NAME = "$(TARGET_NAME)";
				TEST_HOST = "$(BUILT_PRODUCTS_DIR)/KextReloader.app/Contents/MacOS/KextReloader";
			};
			name = Debug;
		};
		DB8D96341A31F2F600FE170E /* Release */ = {
			isa = XCBuildConfiguration;
			buildSettings = {
				BUNDLE_LOADER = "$(TEST_HOST)";
				COMBINE_HIDPI_IMAGES = YES;
				FRAMEWORK_SEARCH_PATHS = (
					"$(DEVELOPER_FRAMEWORKS_DIR)",
					"$(inherited)",
				);
				INFOPLIST_FILE = KextReloaderTests/Info.plist;
				LD_RUNPATH_SEARCH_PATHS = "$(inherited) @executable_path/../Frameworks @loader_path/../Frameworks";
				PRODUCT_NAME = "$(TARGET_NAME)";
				TEST_HOST = "$(BUILT_PRODUCTS_DIR)/KextReloader.app/Contents/MacOS/KextReloader";
			};
			name = Release;
		};
/* End XCBuildConfiguration section */

/* Begin XCConfigurationList section */
		DB8D96101A31F2F500FE170E /* Build configuration list for PBXProject "KextReloader" */ = {
			isa = XCConfigurationList;
			buildConfigurations = (
				DB8D962D1A31F2F600FE170E /* Debug */,
				DB8D962E1A31F2F600FE170E /* Release */,
			);
			defaultConfigurationIsVisible = 0;
			defaultConfigurationName = Release;
		};
		DB8D962F1A31F2F600FE170E /* Build configuration list for PBXNativeTarget "KextReloader" */ = {
			isa = XCConfigurationList;
			buildConfigurations = (
				DB8D96301A31F2F600FE170E /* Debug */,
				DB8D96311A31F2F600FE170E /* Release */,
			);
			defaultConfigurationIsVisible = 0;
			defaultConfigurationName = Release;
		};
		DB8D96321A31F2F600FE170E /* Build configuration list for PBXNativeTarget "KextReloaderTests" */ = {
			isa = XCConfigurationList;
			buildConfigurations = (
				DB8D96331A31F2F600FE170E /* Debug */,
				DB8D96341A31F2F600FE170E /* Release */,
			);
			defaultConfigurationIsVisible = 0;
			defaultConfigurationName = Release;
		};
/* End XCConfigurationList section */
	};
	rootObject = DB8D960D1A31F2F500FE170E /* Project object */;
}
